
Microsoft Visual Studio Solution File, Format Version 12.00
# Visual Studio Version 17
VisualStudioVersion = 17.0.32014.148
MinimumVisualStudioVersion = 10.0.40219.1
Project("{9A19103F-16F7-4668-BE54-9A1E7A4F7556}") = "SimpleCSharp", "SimpleCSharp\SimpleCSharp.csproj", "{0A310FA6-C948-4DED-8C9F-44ACFF216821}"
EndProject
Project("{9A19103F-16F7-4668-BE54-9A1E7A4F7556}") = "SystemEnvironment", "SystemEnvironment\SystemEnvironment.csproj", "{DC511C5C-6F82-426A-A447-71E4918420D6}"
EndProject
Project("{9A19103F-16F7-4668-BE54-9A1E7A4F7556}") = "ConsoleBasicIO", "ConsoleBasicIO\ConsoleBasicIO.csproj", "{6D299C06-3B8A-476B-9C16-4E70A1099CCA}"
EndProject
Project("{9A19103F-16F7-4668-BE54-9A1E7A4F7556}") = "StringFormat", "StringFormat\StringFormat.csproj", "{78E037E8-2146-4921-8DF9-7EA7074C9521}"
EndProject
Project("{9A19103F-16F7-4668-BE54-9A1E7A4F7556}") = "BasicDataTypes", "BasicDataTypes\BasicDataTypes.csproj", "{F3E8C0CC-1C32-4BE9-8421-099EFC60311C}"
EndProject
Project("{9A19103F-16F7-4668-BE54-9A1E7A4F7556}") = "ParseValueFromString", "ParseValueFromString\ParseValueFromString.csproj", "{A848A82B-F429-4283-AD5B-D44A140B529C}"
EndProject
Project("{9A19103F-16F7-4668-BE54-9A1E7A4F7556}") = "DigitOperators", "DigitOperators\DigitOperators.csproj", "{6AD8F102-F13A-4258-B8EC-9A13757321AB}"
EndProject
Project("{9A19103F-16F7-4668-BE54-9A1E7A4F7556}") = "ImmutableStrings", "ImmutableStrings\ImmutableStrings.csproj", "{6B1F9196-FEA0-496A-8377-608613155821}"
EndProject
Project("{9A19103F-16F7-4668-BE54-9A1E7A4F7556}") = "StringInterpolation", "StringInterpolation\StringInterpolation.csproj", "{D8B1703F-0046-478C-8445-E232B5B00174}"
EndProject
Project("{9A19103F-16F7-4668-BE54-9A1E7A4F7556}") = "VerbatimString", "VerbatimString\VerbatimString.csproj", "{A86FE433-A636-4BA7-8525-6C43CB08608B}"
EndProject
Project("{9A19103F-16F7-4668-BE54-9A1E7A4F7556}") = "StringsAndEquality", "StringsAndEquality\StringsAndEquality.csproj", "{1673E640-4163-4D41-BF48-8E2BC0A3EA98}"
EndProject
Project("{9A19103F-16F7-4668-BE54-9A1E7A4F7556}") = "StringBuilder", "StringBuilder\StringBuilder.csproj", "{0B6F60CE-2937-44EC-BDD3-1290DB3AABB7}"
EndProject
Project("{9A19103F-16F7-4668-BE54-9A1E7A4F7556}") = "NarrowingWideningDataType", "NarrowingWideningDataType\NarrowingWideningDataType.csproj", "{82CBDA8A-B147-41A3-A8CA-71FBD66C11AB}"
EndProject
Project("{9A19103F-16F7-4668-BE54-9A1E7A4F7556}") = "IfElsePatternMatching", "IfElsePatternMatching\IfElsePatternMatching.csproj", "{D367D0D8-9E5D-4FB0-A2D2-92705FA63E39}"
EndProject
Project("{9A19103F-16F7-4668-BE54-9A1E7A4F7556}") = "SwitchExpression", "SwitchExpression\SwitchExpression.csproj", "{9168F258-FC70-488D-ADC2-CCF61FA49CFA}"
EndProject
Project("{9A19103F-16F7-4668-BE54-9A1E7A4F7556}") = "SwitchCasePatternMatching", "SwitchCasePatternMatching\SwitchCasePatternMatching.csproj", "{61B32630-067C-4538-AE30-C052E24DE6F0}"
EndProject
Project("{9A19103F-16F7-4668-BE54-9A1E7A4F7556}") = "ArrayInitialization", "ArrayInitialization\ArrayInitialization.csproj", "{417C236F-EA86-4505-B880-1DDF3C492B0A}"
EndProject
Project("{9A19103F-16F7-4668-BE54-9A1E7A4F7556}") = "MultidimensionalArray", "MultidimensionalArray\MultidimensionalArray.csproj", "{1332990E-E858-48AD-8F49-7E91943DEE1B}"
EndProject
Project("{9A19103F-16F7-4668-BE54-9A1E7A4F7556}") = "ArrayAsArgumentOrReturnValues", "ArrayAsArgumentOrReturnValues\ArrayAsArgumentOrReturnValues.csproj", "{AF02D9C7-FD9E-40A9-9F2C-4E72609FEF13}"
EndProject
Project("{9A19103F-16F7-4668-BE54-9A1E7A4F7556}") = "Tutorial.Common", "Tutorial.Common\Tutorial.Common.csproj", "{A612A215-64D6-4188-923B-4AC87D741097}"
EndProject
Project("{9A19103F-16F7-4668-BE54-9A1E7A4F7556}") = "ArrayIndicesAndRanges", "ArrayIndicesAndRanges\ArrayIndicesAndRanges.csproj", "{350A5533-75E8-444C-9C40-78A1C9D9C9E9}"
EndProject
Project("{9A19103F-16F7-4668-BE54-9A1E7A4F7556}") = "LocalFuntions", "LocalFuntions\LocalFuntions.csproj", "{2AA23177-DEBA-45DF-ADED-43638308D4B7}"
EndProject
Project("{9A19103F-16F7-4668-BE54-9A1E7A4F7556}") = "StaticLocalFunctions", "StaticLocalFunctions\StaticLocalFunctions.csproj", "{374AEE4B-B33F-4411-89DF-2A6C253A431F}"
EndProject
Project("{9A19103F-16F7-4668-BE54-9A1E7A4F7556}") = "ParameterModifierOutKeyword", "ParameterModifierOutKeyword\ParameterModifierOutKeyword.csproj", "{1E180562-3A3F-4A40-8C55-60359CB77F7B}"
EndProject
Project("{9A19103F-16F7-4668-BE54-9A1E7A4F7556}") = "ParamaterModifierRefKeyword", "ParamaterModifierRefKeyword\ParamaterModifierRefKeyword.csproj", "{7A855994-BF8E-47AD-96F4-724B6685CE52}"
EndProject
Project("{9A19103F-16F7-4668-BE54-9A1E7A4F7556}") = "ParamaterModifierInKeyword", "ParamaterModifierInKeyword\ParamaterModifierInKeyword.csproj", "{619BA416-EB76-4579-8E3C-1F610A74C881}"
EndProject
Project("{9A19103F-16F7-4668-BE54-9A1E7A4F7556}") = "ParemeterModifiersParamsKeyword", "ParemeterModifiersParamsKeyword\ParemeterModifiersParamsKeyword.csproj", "{8087E805-2BBD-4E51-B1D1-8D7EAD040476}"
EndProject
Project("{9A19103F-16F7-4668-BE54-9A1E7A4F7556}") = "OptionalParameters", "OptionalParameters\OptionalParameters.csproj", "{ACB58900-26F4-4F88-9F2A-067043F2DBE0}"
EndProject
Project("{9A19103F-16F7-4668-BE54-9A1E7A4F7556}") = "NamedArguments", "NamedArguments\NamedArguments.csproj", "{40D94B3F-FC16-419A-85A7-D1864B2FC019}"
EndProject
Project("{9A19103F-16F7-4668-BE54-9A1E7A4F7556}") = "MethodOverloading", "MethodOverloading\MethodOverloading.csproj", "{6F1295F2-A5C0-4ADE-8CE4-1E8E6FBCB168}"
EndProject
Project("{9A19103F-16F7-4668-BE54-9A1E7A4F7556}") = "Enums", "Enums\Enums.csproj", "{7CE7CF4B-F540-422F-922D-B12F0C83795F}"
EndProject
Project("{9A19103F-16F7-4668-BE54-9A1E7A4F7556}") = "BitwiseOperations", "BitwiseOperations\BitwiseOperations.csproj", "{F809ECE1-A44A-4DA1-8B9D-E8F1F85C64DB}"
EndProject
Project("{9A19103F-16F7-4668-BE54-9A1E7A4F7556}") = "Structures", "Structures\Structures.csproj", "{83F585A6-43B3-47AA-B68E-AAFDF7A0A090}"
EndProject
Project("{9A19103F-16F7-4668-BE54-9A1E7A4F7556}") = "ReadonlyStructs", "ReadonlyStructs\ReadonlyStructs.csproj", "{3F873284-F837-49BC-B9D0-C031713FD05E}"
EndProject
Project("{9A19103F-16F7-4668-BE54-9A1E7A4F7556}") = "RefStructs", "RefStructs\RefStructs.csproj", "{D74B14C0-A28D-4097-8A92-B6918150EBEE}"
EndProject
Project("{9A19103F-16F7-4668-BE54-9A1E7A4F7556}") = "ValueTypeReferenceType", "ValueTypeReferenceType\ValueTypeReferenceType.csproj", "{B4050DF1-CD7D-47F3-BCFF-3EB8F917F890}"
EndProject
Project("{9A19103F-16F7-4668-BE54-9A1E7A4F7556}") = "ValueTypesContainingReferenceTypes", "ValueTypesContainingReferenceTypes\ValueTypesContainingReferenceTypes.csproj", "{52D5AEB5-D03D-4378-86A6-D038D12FB6D1}"
EndProject
Project("{9A19103F-16F7-4668-BE54-9A1E7A4F7556}") = "PassingReferenceTypesByValue", "PassingReferenceTypesByValue\PassingReferenceTypesByValue.csproj", "{92F5CEED-C567-4208-8C22-ECA3D1C7BD0B}"
EndProject
Project("{9A19103F-16F7-4668-BE54-9A1E7A4F7556}") = "PassingReferenceTypesByReference", "PassingReferenceTypesByReference\PassingReferenceTypesByReference.csproj", "{93D5B5C9-0F37-44F9-95F4-D877220FAD4E}"
EndProject
Project("{9A19103F-16F7-4668-BE54-9A1E7A4F7556}") = "NullableTypes", "NullableTypes\NullableTypes.csproj", "{7C6B8816-8853-4D42-8EFA-56C44308E402}"
EndProject
Project("{9A19103F-16F7-4668-BE54-9A1E7A4F7556}") = "OperatingOnNullableTypes", "OperatingOnNullableTypes\OperatingOnNullableTypes.csproj", "{EAA711AC-BC06-4C6C-AA10-1D1C40C1BB80}"
EndProject
Project("{FAE04EC0-301F-11D3-BF4B-00C04F79EFBC}") = "Tuples", "Tuples\Tuples.csproj", "{D304F6CB-C4E8-4256-B080-DC6D7147A9B0}"
EndProject
Global
	GlobalSection(SolutionConfigurationPlatforms) = preSolution
		Debug|Any CPU = Debug|Any CPU
		Release|Any CPU = Release|Any CPU
	EndGlobalSection
	GlobalSection(ProjectConfigurationPlatforms) = postSolution
		{0A310FA6-C948-4DED-8C9F-44ACFF216821}.Debug|Any CPU.ActiveCfg = Debug|Any CPU
		{0A310FA6-C948-4DED-8C9F-44ACFF216821}.Debug|Any CPU.Build.0 = Debug|Any CPU
		{0A310FA6-C948-4DED-8C9F-44ACFF216821}.Release|Any CPU.ActiveCfg = Release|Any CPU
		{0A310FA6-C948-4DED-8C9F-44ACFF216821}.Release|Any CPU.Build.0 = Release|Any CPU
		{DC511C5C-6F82-426A-A447-71E4918420D6}.Debug|Any CPU.ActiveCfg = Debug|Any CPU
		{DC511C5C-6F82-426A-A447-71E4918420D6}.Debug|Any CPU.Build.0 = Debug|Any CPU
		{DC511C5C-6F82-426A-A447-71E4918420D6}.Release|Any CPU.ActiveCfg = Release|Any CPU
		{DC511C5C-6F82-426A-A447-71E4918420D6}.Release|Any CPU.Build.0 = Release|Any CPU
		{6D299C06-3B8A-476B-9C16-4E70A1099CCA}.Debug|Any CPU.ActiveCfg = Debug|Any CPU
		{6D299C06-3B8A-476B-9C16-4E70A1099CCA}.Debug|Any CPU.Build.0 = Debug|Any CPU
		{6D299C06-3B8A-476B-9C16-4E70A1099CCA}.Release|Any CPU.ActiveCfg = Release|Any CPU
		{6D299C06-3B8A-476B-9C16-4E70A1099CCA}.Release|Any CPU.Build.0 = Release|Any CPU
		{78E037E8-2146-4921-8DF9-7EA7074C9521}.Debug|Any CPU.ActiveCfg = Debug|Any CPU
		{78E037E8-2146-4921-8DF9-7EA7074C9521}.Debug|Any CPU.Build.0 = Debug|Any CPU
		{78E037E8-2146-4921-8DF9-7EA7074C9521}.Release|Any CPU.ActiveCfg = Release|Any CPU
		{78E037E8-2146-4921-8DF9-7EA7074C9521}.Release|Any CPU.Build.0 = Release|Any CPU
		{F3E8C0CC-1C32-4BE9-8421-099EFC60311C}.Debug|Any CPU.ActiveCfg = Debug|Any CPU
		{F3E8C0CC-1C32-4BE9-8421-099EFC60311C}.Debug|Any CPU.Build.0 = Debug|Any CPU
		{F3E8C0CC-1C32-4BE9-8421-099EFC60311C}.Release|Any CPU.ActiveCfg = Release|Any CPU
		{F3E8C0CC-1C32-4BE9-8421-099EFC60311C}.Release|Any CPU.Build.0 = Release|Any CPU
		{A848A82B-F429-4283-AD5B-D44A140B529C}.Debug|Any CPU.ActiveCfg = Debug|Any CPU
		{A848A82B-F429-4283-AD5B-D44A140B529C}.Debug|Any CPU.Build.0 = Debug|Any CPU
		{A848A82B-F429-4283-AD5B-D44A140B529C}.Release|Any CPU.ActiveCfg = Release|Any CPU
		{A848A82B-F429-4283-AD5B-D44A140B529C}.Release|Any CPU.Build.0 = Release|Any CPU
		{6AD8F102-F13A-4258-B8EC-9A13757321AB}.Debug|Any CPU.ActiveCfg = Debug|Any CPU
		{6AD8F102-F13A-4258-B8EC-9A13757321AB}.Debug|Any CPU.Build.0 = Debug|Any CPU
		{6AD8F102-F13A-4258-B8EC-9A13757321AB}.Release|Any CPU.ActiveCfg = Release|Any CPU
		{6AD8F102-F13A-4258-B8EC-9A13757321AB}.Release|Any CPU.Build.0 = Release|Any CPU
		{6B1F9196-FEA0-496A-8377-608613155821}.Debug|Any CPU.ActiveCfg = Debug|Any CPU
		{6B1F9196-FEA0-496A-8377-608613155821}.Debug|Any CPU.Build.0 = Debug|Any CPU
		{6B1F9196-FEA0-496A-8377-608613155821}.Release|Any CPU.ActiveCfg = Release|Any CPU
		{6B1F9196-FEA0-496A-8377-608613155821}.Release|Any CPU.Build.0 = Release|Any CPU
		{D8B1703F-0046-478C-8445-E232B5B00174}.Debug|Any CPU.ActiveCfg = Debug|Any CPU
		{D8B1703F-0046-478C-8445-E232B5B00174}.Debug|Any CPU.Build.0 = Debug|Any CPU
		{D8B1703F-0046-478C-8445-E232B5B00174}.Release|Any CPU.ActiveCfg = Release|Any CPU
		{D8B1703F-0046-478C-8445-E232B5B00174}.Release|Any CPU.Build.0 = Release|Any CPU
		{A86FE433-A636-4BA7-8525-6C43CB08608B}.Debug|Any CPU.ActiveCfg = Debug|Any CPU
		{A86FE433-A636-4BA7-8525-6C43CB08608B}.Debug|Any CPU.Build.0 = Debug|Any CPU
		{A86FE433-A636-4BA7-8525-6C43CB08608B}.Release|Any CPU.ActiveCfg = Release|Any CPU
		{A86FE433-A636-4BA7-8525-6C43CB08608B}.Release|Any CPU.Build.0 = Release|Any CPU
		{1673E640-4163-4D41-BF48-8E2BC0A3EA98}.Debug|Any CPU.ActiveCfg = Debug|Any CPU
		{1673E640-4163-4D41-BF48-8E2BC0A3EA98}.Debug|Any CPU.Build.0 = Debug|Any CPU
		{1673E640-4163-4D41-BF48-8E2BC0A3EA98}.Release|Any CPU.ActiveCfg = Release|Any CPU
		{1673E640-4163-4D41-BF48-8E2BC0A3EA98}.Release|Any CPU.Build.0 = Release|Any CPU
		{0B6F60CE-2937-44EC-BDD3-1290DB3AABB7}.Debug|Any CPU.ActiveCfg = Debug|Any CPU
		{0B6F60CE-2937-44EC-BDD3-1290DB3AABB7}.Debug|Any CPU.Build.0 = Debug|Any CPU
		{0B6F60CE-2937-44EC-BDD3-1290DB3AABB7}.Release|Any CPU.ActiveCfg = Release|Any CPU
		{0B6F60CE-2937-44EC-BDD3-1290DB3AABB7}.Release|Any CPU.Build.0 = Release|Any CPU
		{82CBDA8A-B147-41A3-A8CA-71FBD66C11AB}.Debug|Any CPU.ActiveCfg = Debug|Any CPU
		{82CBDA8A-B147-41A3-A8CA-71FBD66C11AB}.Debug|Any CPU.Build.0 = Debug|Any CPU
		{82CBDA8A-B147-41A3-A8CA-71FBD66C11AB}.Release|Any CPU.ActiveCfg = Release|Any CPU
		{82CBDA8A-B147-41A3-A8CA-71FBD66C11AB}.Release|Any CPU.Build.0 = Release|Any CPU
		{D367D0D8-9E5D-4FB0-A2D2-92705FA63E39}.Debug|Any CPU.ActiveCfg = Debug|Any CPU
		{D367D0D8-9E5D-4FB0-A2D2-92705FA63E39}.Debug|Any CPU.Build.0 = Debug|Any CPU
		{D367D0D8-9E5D-4FB0-A2D2-92705FA63E39}.Release|Any CPU.ActiveCfg = Release|Any CPU
		{D367D0D8-9E5D-4FB0-A2D2-92705FA63E39}.Release|Any CPU.Build.0 = Release|Any CPU
		{9168F258-FC70-488D-ADC2-CCF61FA49CFA}.Debug|Any CPU.ActiveCfg = Debug|Any CPU
		{9168F258-FC70-488D-ADC2-CCF61FA49CFA}.Debug|Any CPU.Build.0 = Debug|Any CPU
		{9168F258-FC70-488D-ADC2-CCF61FA49CFA}.Release|Any CPU.ActiveCfg = Release|Any CPU
		{9168F258-FC70-488D-ADC2-CCF61FA49CFA}.Release|Any CPU.Build.0 = Release|Any CPU
		{61B32630-067C-4538-AE30-C052E24DE6F0}.Debug|Any CPU.ActiveCfg = Debug|Any CPU
		{61B32630-067C-4538-AE30-C052E24DE6F0}.Debug|Any CPU.Build.0 = Debug|Any CPU
		{61B32630-067C-4538-AE30-C052E24DE6F0}.Release|Any CPU.ActiveCfg = Release|Any CPU
		{61B32630-067C-4538-AE30-C052E24DE6F0}.Release|Any CPU.Build.0 = Release|Any CPU
		{417C236F-EA86-4505-B880-1DDF3C492B0A}.Debug|Any CPU.ActiveCfg = Debug|Any CPU
		{417C236F-EA86-4505-B880-1DDF3C492B0A}.Debug|Any CPU.Build.0 = Debug|Any CPU
		{417C236F-EA86-4505-B880-1DDF3C492B0A}.Release|Any CPU.ActiveCfg = Release|Any CPU
		{417C236F-EA86-4505-B880-1DDF3C492B0A}.Release|Any CPU.Build.0 = Release|Any CPU
		{1332990E-E858-48AD-8F49-7E91943DEE1B}.Debug|Any CPU.ActiveCfg = Debug|Any CPU
		{1332990E-E858-48AD-8F49-7E91943DEE1B}.Debug|Any CPU.Build.0 = Debug|Any CPU
		{1332990E-E858-48AD-8F49-7E91943DEE1B}.Release|Any CPU.ActiveCfg = Release|Any CPU
		{1332990E-E858-48AD-8F49-7E91943DEE1B}.Release|Any CPU.Build.0 = Release|Any CPU
		{AF02D9C7-FD9E-40A9-9F2C-4E72609FEF13}.Debug|Any CPU.ActiveCfg = Debug|Any CPU
		{AF02D9C7-FD9E-40A9-9F2C-4E72609FEF13}.Debug|Any CPU.Build.0 = Debug|Any CPU
		{AF02D9C7-FD9E-40A9-9F2C-4E72609FEF13}.Release|Any CPU.ActiveCfg = Release|Any CPU
		{AF02D9C7-FD9E-40A9-9F2C-4E72609FEF13}.Release|Any CPU.Build.0 = Release|Any CPU
		{A612A215-64D6-4188-923B-4AC87D741097}.Debug|Any CPU.ActiveCfg = Debug|Any CPU
		{A612A215-64D6-4188-923B-4AC87D741097}.Debug|Any CPU.Build.0 = Debug|Any CPU
		{A612A215-64D6-4188-923B-4AC87D741097}.Release|Any CPU.ActiveCfg = Release|Any CPU
		{A612A215-64D6-4188-923B-4AC87D741097}.Release|Any CPU.Build.0 = Release|Any CPU
		{350A5533-75E8-444C-9C40-78A1C9D9C9E9}.Debug|Any CPU.ActiveCfg = Debug|Any CPU
		{350A5533-75E8-444C-9C40-78A1C9D9C9E9}.Debug|Any CPU.Build.0 = Debug|Any CPU
		{350A5533-75E8-444C-9C40-78A1C9D9C9E9}.Release|Any CPU.ActiveCfg = Release|Any CPU
		{350A5533-75E8-444C-9C40-78A1C9D9C9E9}.Release|Any CPU.Build.0 = Release|Any CPU
		{2AA23177-DEBA-45DF-ADED-43638308D4B7}.Debug|Any CPU.ActiveCfg = Debug|Any CPU
		{2AA23177-DEBA-45DF-ADED-43638308D4B7}.Debug|Any CPU.Build.0 = Debug|Any CPU
		{2AA23177-DEBA-45DF-ADED-43638308D4B7}.Release|Any CPU.ActiveCfg = Release|Any CPU
		{2AA23177-DEBA-45DF-ADED-43638308D4B7}.Release|Any CPU.Build.0 = Release|Any CPU
		{374AEE4B-B33F-4411-89DF-2A6C253A431F}.Debug|Any CPU.ActiveCfg = Debug|Any CPU
		{374AEE4B-B33F-4411-89DF-2A6C253A431F}.Debug|Any CPU.Build.0 = Debug|Any CPU
		{374AEE4B-B33F-4411-89DF-2A6C253A431F}.Release|Any CPU.ActiveCfg = Release|Any CPU
		{374AEE4B-B33F-4411-89DF-2A6C253A431F}.Release|Any CPU.Build.0 = Release|Any CPU
		{1E180562-3A3F-4A40-8C55-60359CB77F7B}.Debug|Any CPU.ActiveCfg = Debug|Any CPU
		{1E180562-3A3F-4A40-8C55-60359CB77F7B}.Debug|Any CPU.Build.0 = Debug|Any CPU
		{1E180562-3A3F-4A40-8C55-60359CB77F7B}.Release|Any CPU.ActiveCfg = Release|Any CPU
		{1E180562-3A3F-4A40-8C55-60359CB77F7B}.Release|Any CPU.Build.0 = Release|Any CPU
		{7A855994-BF8E-47AD-96F4-724B6685CE52}.Debug|Any CPU.ActiveCfg = Debug|Any CPU
		{7A855994-BF8E-47AD-96F4-724B6685CE52}.Debug|Any CPU.Build.0 = Debug|Any CPU
		{7A855994-BF8E-47AD-96F4-724B6685CE52}.Release|Any CPU.ActiveCfg = Release|Any CPU
		{7A855994-BF8E-47AD-96F4-724B6685CE52}.Release|Any CPU.Build.0 = Release|Any CPU
		{619BA416-EB76-4579-8E3C-1F610A74C881}.Debug|Any CPU.ActiveCfg = Debug|Any CPU
		{619BA416-EB76-4579-8E3C-1F610A74C881}.Debug|Any CPU.Build.0 = Debug|Any CPU
		{619BA416-EB76-4579-8E3C-1F610A74C881}.Release|Any CPU.ActiveCfg = Release|Any CPU
		{619BA416-EB76-4579-8E3C-1F610A74C881}.Release|Any CPU.Build.0 = Release|Any CPU
		{8087E805-2BBD-4E51-B1D1-8D7EAD040476}.Debug|Any CPU.ActiveCfg = Debug|Any CPU
		{8087E805-2BBD-4E51-B1D1-8D7EAD040476}.Debug|Any CPU.Build.0 = Debug|Any CPU
		{8087E805-2BBD-4E51-B1D1-8D7EAD040476}.Release|Any CPU.ActiveCfg = Release|Any CPU
		{8087E805-2BBD-4E51-B1D1-8D7EAD040476}.Release|Any CPU.Build.0 = Release|Any CPU
		{ACB58900-26F4-4F88-9F2A-067043F2DBE0}.Debug|Any CPU.ActiveCfg = Debug|Any CPU
		{ACB58900-26F4-4F88-9F2A-067043F2DBE0}.Debug|Any CPU.Build.0 = Debug|Any CPU
		{ACB58900-26F4-4F88-9F2A-067043F2DBE0}.Release|Any CPU.ActiveCfg = Release|Any CPU
		{ACB58900-26F4-4F88-9F2A-067043F2DBE0}.Release|Any CPU.Build.0 = Release|Any CPU
		{40D94B3F-FC16-419A-85A7-D1864B2FC019}.Debug|Any CPU.ActiveCfg = Debug|Any CPU
		{40D94B3F-FC16-419A-85A7-D1864B2FC019}.Debug|Any CPU.Build.0 = Debug|Any CPU
		{40D94B3F-FC16-419A-85A7-D1864B2FC019}.Release|Any CPU.ActiveCfg = Release|Any CPU
		{40D94B3F-FC16-419A-85A7-D1864B2FC019}.Release|Any CPU.Build.0 = Release|Any CPU
		{6F1295F2-A5C0-4ADE-8CE4-1E8E6FBCB168}.Debug|Any CPU.ActiveCfg = Debug|Any CPU
		{6F1295F2-A5C0-4ADE-8CE4-1E8E6FBCB168}.Debug|Any CPU.Build.0 = Debug|Any CPU
		{6F1295F2-A5C0-4ADE-8CE4-1E8E6FBCB168}.Release|Any CPU.ActiveCfg = Release|Any CPU
		{6F1295F2-A5C0-4ADE-8CE4-1E8E6FBCB168}.Release|Any CPU.Build.0 = Release|Any CPU
		{7CE7CF4B-F540-422F-922D-B12F0C83795F}.Debug|Any CPU.ActiveCfg = Debug|Any CPU
		{7CE7CF4B-F540-422F-922D-B12F0C83795F}.Debug|Any CPU.Build.0 = Debug|Any CPU
		{7CE7CF4B-F540-422F-922D-B12F0C83795F}.Release|Any CPU.ActiveCfg = Release|Any CPU
		{7CE7CF4B-F540-422F-922D-B12F0C83795F}.Release|Any CPU.Build.0 = Release|Any CPU
		{F809ECE1-A44A-4DA1-8B9D-E8F1F85C64DB}.Debug|Any CPU.ActiveCfg = Debug|Any CPU
		{F809ECE1-A44A-4DA1-8B9D-E8F1F85C64DB}.Debug|Any CPU.Build.0 = Debug|Any CPU
		{F809ECE1-A44A-4DA1-8B9D-E8F1F85C64DB}.Release|Any CPU.ActiveCfg = Release|Any CPU
		{F809ECE1-A44A-4DA1-8B9D-E8F1F85C64DB}.Release|Any CPU.Build.0 = Release|Any CPU
		{83F585A6-43B3-47AA-B68E-AAFDF7A0A090}.Debug|Any CPU.ActiveCfg = Debug|Any CPU
		{83F585A6-43B3-47AA-B68E-AAFDF7A0A090}.Debug|Any CPU.Build.0 = Debug|Any CPU
		{83F585A6-43B3-47AA-B68E-AAFDF7A0A090}.Release|Any CPU.ActiveCfg = Release|Any CPU
		{83F585A6-43B3-47AA-B68E-AAFDF7A0A090}.Release|Any CPU.Build.0 = Release|Any CPU
		{3F873284-F837-49BC-B9D0-C031713FD05E}.Debug|Any CPU.ActiveCfg = Debug|Any CPU
		{3F873284-F837-49BC-B9D0-C031713FD05E}.Debug|Any CPU.Build.0 = Debug|Any CPU
		{3F873284-F837-49BC-B9D0-C031713FD05E}.Release|Any CPU.ActiveCfg = Release|Any CPU
		{3F873284-F837-49BC-B9D0-C031713FD05E}.Release|Any CPU.Build.0 = Release|Any CPU
		{D74B14C0-A28D-4097-8A92-B6918150EBEE}.Debug|Any CPU.ActiveCfg = Debug|Any CPU
		{D74B14C0-A28D-4097-8A92-B6918150EBEE}.Debug|Any CPU.Build.0 = Debug|Any CPU
		{D74B14C0-A28D-4097-8A92-B6918150EBEE}.Release|Any CPU.ActiveCfg = Release|Any CPU
		{D74B14C0-A28D-4097-8A92-B6918150EBEE}.Release|Any CPU.Build.0 = Release|Any CPU
		{B4050DF1-CD7D-47F3-BCFF-3EB8F917F890}.Debug|Any CPU.ActiveCfg = Debug|Any CPU
		{B4050DF1-CD7D-47F3-BCFF-3EB8F917F890}.Debug|Any CPU.Build.0 = Debug|Any CPU
		{B4050DF1-CD7D-47F3-BCFF-3EB8F917F890}.Release|Any CPU.ActiveCfg = Release|Any CPU
		{B4050DF1-CD7D-47F3-BCFF-3EB8F917F890}.Release|Any CPU.Build.0 = Release|Any CPU
		{52D5AEB5-D03D-4378-86A6-D038D12FB6D1}.Debug|Any CPU.ActiveCfg = Debug|Any CPU
		{52D5AEB5-D03D-4378-86A6-D038D12FB6D1}.Debug|Any CPU.Build.0 = Debug|Any CPU
		{52D5AEB5-D03D-4378-86A6-D038D12FB6D1}.Release|Any CPU.ActiveCfg = Release|Any CPU
		{52D5AEB5-D03D-4378-86A6-D038D12FB6D1}.Release|Any CPU.Build.0 = Release|Any CPU
		{92F5CEED-C567-4208-8C22-ECA3D1C7BD0B}.Debug|Any CPU.ActiveCfg = Debug|Any CPU
		{92F5CEED-C567-4208-8C22-ECA3D1C7BD0B}.Debug|Any CPU.Build.0 = Debug|Any CPU
		{92F5CEED-C567-4208-8C22-ECA3D1C7BD0B}.Release|Any CPU.ActiveCfg = Release|Any CPU
		{92F5CEED-C567-4208-8C22-ECA3D1C7BD0B}.Release|Any CPU.Build.0 = Release|Any CPU
		{93D5B5C9-0F37-44F9-95F4-D877220FAD4E}.Debug|Any CPU.ActiveCfg = Debug|Any CPU
		{93D5B5C9-0F37-44F9-95F4-D877220FAD4E}.Debug|Any CPU.Build.0 = Debug|Any CPU
		{93D5B5C9-0F37-44F9-95F4-D877220FAD4E}.Release|Any CPU.ActiveCfg = Release|Any CPU
		{93D5B5C9-0F37-44F9-95F4-D877220FAD4E}.Release|Any CPU.Build.0 = Release|Any CPU
		{7C6B8816-8853-4D42-8EFA-56C44308E402}.Debug|Any CPU.ActiveCfg = Debug|Any CPU
		{7C6B8816-8853-4D42-8EFA-56C44308E402}.Debug|Any CPU.Build.0 = Debug|Any CPU
		{7C6B8816-8853-4D42-8EFA-56C44308E402}.Release|Any CPU.ActiveCfg = Release|Any CPU
		{7C6B8816-8853-4D42-8EFA-56C44308E402}.Release|Any CPU.Build.0 = Release|Any CPU
		{EAA711AC-BC06-4C6C-AA10-1D1C40C1BB80}.Debug|Any CPU.ActiveCfg = Debug|Any CPU
		{EAA711AC-BC06-4C6C-AA10-1D1C40C1BB80}.Debug|Any CPU.Build.0 = Debug|Any CPU
		{EAA711AC-BC06-4C6C-AA10-1D1C40C1BB80}.Release|Any CPU.ActiveCfg = Release|Any CPU
		{EAA711AC-BC06-4C6C-AA10-1D1C40C1BB80}.Release|Any CPU.Build.0 = Release|Any CPU
		{D304F6CB-C4E8-4256-B080-DC6D7147A9B0}.Debug|Any CPU.ActiveCfg = Debug|Any CPU
		{D304F6CB-C4E8-4256-B080-DC6D7147A9B0}.Debug|Any CPU.Build.0 = Debug|Any CPU
		{D304F6CB-C4E8-4256-B080-DC6D7147A9B0}.Release|Any CPU.ActiveCfg = Release|Any CPU
		{D304F6CB-C4E8-4256-B080-DC6D7147A9B0}.Release|Any CPU.Build.0 = Release|Any CPU
	EndGlobalSection
	GlobalSection(SolutionProperties) = preSolution
		HideSolutionNode = FALSE
	EndGlobalSection
	GlobalSection(ExtensibilityGlobals) = postSolution
		SolutionGuid = {C78AE55C-E75A-49AD-9DD0-70246EF83BFE}
	EndGlobalSection
EndGlobal
